
Microsoft Visual Studio Solution File, Format Version 12.00
# Visual Studio Version 16
VisualStudioVersion = 16.0.30503.244
MinimumVisualStudioVersion = 10.0.40219.1
Project("{FAE04EC0-301F-11D3-BF4B-00C04F79EFBC}") = "Lab2", "Lab2\Lab2.csproj", "{D61A44A4-2A56-486D-A7EB-384E83948D63}"
EndProject
Global
	GlobalSection(SolutionConfigurationPlatforms) = preSolution
		Debug|Any CPU = Debug|Any CPU
		Release|Any CPU = Release|Any CPU
	EndGlobalSection
	GlobalSection(ProjectConfigurationPlatforms) = postSolution
		{D61A44A4-2A56-486D-A7EB-384E83948D63}.Debug|Any CPU.ActiveCfg = Debug|Any CPU
		{D61A44A4-2A56-486D-A7EB-384E83948D63}.Debug|Any CPU.Build.0 = Debug|Any CPU
		{D61A44A4-2A56-486D-A7EB-384E83948D63}.Release|Any CPU.ActiveCfg = Release|Any CPU
		{D61A44A4-2A56-486D-A7EB-384E83948D63}.Release|Any CPU.Build.0 = Release|Any CPU
	EndGlobalSection
	GlobalSection(SolutionProperties) = preSolution
		HideSolutionNode = FALSE
	EndGlobalSection
	GlobalSection(ExtensibilityGlobals) = postSolution
		SolutionGuid = {AF83174C-7F7C-40EB-87BA-24014263FEC8}
	EndGlobalSection
EndGlobal
